// !$*UTF8*$!
{
	archiveVersion = 1;
	classes = {
	};
	objectVersion = 56;
	objects = {

/* Begin PBXBuildFile section */
		620AC6CD29B9386A00EA85E4 /* A.mp3 in Resources */ = {isa = PBXBuildFile; fileRef = 620AC6C629B9386A00EA85E4 /* A.mp3 */; };
		620AC6CE29B9386A00EA85E4 /* B.mp3 in Resources */ = {isa = PBXBuildFile; fileRef = 620AC6C729B9386A00EA85E4 /* B.mp3 */; };
		620AC6CF29B9386A00EA85E4 /* C.mp3 in Resources */ = {isa = PBXBuildFile; fileRef = 620AC6C829B9386A00EA85E4 /* C.mp3 */; };
		620AC6D029B9386A00EA85E4 /* G.mp3 in Resources */ = {isa = PBXBuildFile; fileRef = 620AC6C929B9386A00EA85E4 /* G.mp3 */; };
		620AC6D129B9386A00EA85E4 /* F.mp3 in Resources */ = {isa = PBXBuildFile; fileRef = 620AC6CA29B9386A00EA85E4 /* F.mp3 */; };
		620AC6D229B9386A00EA85E4 /* D.mp3 in Resources */ = {isa = PBXBuildFile; fileRef = 620AC6CB29B9386A00EA85E4 /* D.mp3 */; };
		620AC6D329B9386A00EA85E4 /* E.mp3 in Resources */ = {isa = PBXBuildFile; fileRef = 620AC6CC29B9386A00EA85E4 /* E.mp3 */; };
		620EDD9B29BA8287008DB85E /* HomeViewController.swift in Sources */ = {isa = PBXBuildFile; fileRef = 620EDD9A29BA8286008DB85E /* HomeViewController.swift */; };
		620F523C29BF995C0064F537 /* Silence.mp3 in Resources */ = {isa = PBXBuildFile; fileRef = 620F523B29BF995C0064F537 /* Silence.mp3 */; };
		623333BB29B386B800644ADB /* AppDelegate.swift in Sources */ = {isa = PBXBuildFile; fileRef = 623333BA29B386B800644ADB /* AppDelegate.swift */; };
		623333BD29B386B800644ADB /* SceneDelegate.swift in Sources */ = {isa = PBXBuildFile; fileRef = 623333BC29B386B800644ADB /* SceneDelegate.swift */; };
		623333BF29B386B800644ADB /* GameViewController.swift in Sources */ = {isa = PBXBuildFile; fileRef = 623333BE29B386B800644ADB /* GameViewController.swift */; };
		623333C229B386B800644ADB /* Main.storyboard in Resources */ = {isa = PBXBuildFile; fileRef = 623333C029B386B800644ADB /* Main.storyboard */; };
		623333C429B386B900644ADB /* Assets.xcassets in Resources */ = {isa = PBXBuildFile; fileRef = 623333C329B386B900644ADB /* Assets.xcassets */; };
		623333C729B386B900644ADB /* LaunchScreen.storyboard in Resources */ = {isa = PBXBuildFile; fileRef = 623333C529B386B900644ADB /* LaunchScreen.storyboard */; };
		62C737FD29BC8D50006B9CC2 /* PracticeViewController.swift in Sources */ = {isa = PBXBuildFile; fileRef = 62C737FC29BC8D50006B9CC2 /* PracticeViewController.swift */; };
		62FABFE92C6AAA65004AF112 /* Ear_TrainingTests.swift in Sources */ = {isa = PBXBuildFile; fileRef = 62FABFE82C6AAA65004AF112 /* Ear_TrainingTests.swift */; };
		62FABFF02C6AAAF9004AF112 /* GameModel.swift in Sources */ = {isa = PBXBuildFile; fileRef = 62FABFEF2C6AAAF9004AF112 /* GameModel.swift */; };
/* End PBXBuildFile section */

/* Begin PBXContainerItemProxy section */
		62FABFEA2C6AAA65004AF112 /* PBXContainerItemProxy */ = {
			isa = PBXContainerItemProxy;
			containerPortal = 623333AF29B386B800644ADB /* Project object */;
			proxyType = 1;
			remoteGlobalIDString = 623333B629B386B800644ADB;
			remoteInfo = "Ear Training";
		};
/* End PBXContainerItemProxy section */

/* Begin PBXFileReference section */
		620AC6C629B9386A00EA85E4 /* A.mp3 */ = {isa = PBXFileReference; lastKnownFileType = audio.mp3; path = A.mp3; sourceTree = "<group>"; };
		620AC6C729B9386A00EA85E4 /* B.mp3 */ = {isa = PBXFileReference; lastKnownFileType = audio.mp3; path = B.mp3; sourceTree = "<group>"; };
		620AC6C829B9386A00EA85E4 /* C.mp3 */ = {isa = PBXFileReference; lastKnownFileType = audio.mp3; path = C.mp3; sourceTree = "<group>"; };
		620AC6C929B9386A00EA85E4 /* G.mp3 */ = {isa = PBXFileReference; lastKnownFileType = audio.mp3; path = G.mp3; sourceTree = "<group>"; };
		620AC6CA29B9386A00EA85E4 /* F.mp3 */ = {isa = PBXFileReference; lastKnownFileType = audio.mp3; path = F.mp3; sourceTree = "<group>"; };
		620AC6CB29B9386A00EA85E4 /* D.mp3 */ = {isa = PBXFileReference; lastKnownFileType = audio.mp3; path = D.mp3; sourceTree = "<group>"; };
		620AC6CC29B9386A00EA85E4 /* E.mp3 */ = {isa = PBXFileReference; lastKnownFileType = audio.mp3; path = E.mp3; sourceTree = "<group>"; };
		620EDD9A29BA8286008DB85E /* HomeViewController.swift */ = {isa = PBXFileReference; lastKnownFileType = sourcecode.swift; path = HomeViewController.swift; sourceTree = "<group>"; };
		620F523B29BF995C0064F537 /* Silence.mp3 */ = {isa = PBXFileReference; lastKnownFileType = audio.mp3; path = Silence.mp3; sourceTree = "<group>"; };
		623333B729B386B800644ADB /* Ear Training.app */ = {isa = PBXFileReference; explicitFileType = wrapper.application; includeInIndex = 0; path = "Ear Training.app"; sourceTree = BUILT_PRODUCTS_DIR; };
		623333BA29B386B800644ADB /* AppDelegate.swift */ = {isa = PBXFileReference; lastKnownFileType = sourcecode.swift; path = AppDelegate.swift; sourceTree = "<group>"; };
		623333BC29B386B800644ADB /* SceneDelegate.swift */ = {isa = PBXFileReference; lastKnownFileType = sourcecode.swift; path = SceneDelegate.swift; sourceTree = "<group>"; };
		623333BE29B386B800644ADB /* GameViewController.swift */ = {isa = PBXFileReference; lastKnownFileType = sourcecode.swift; path = GameViewController.swift; sourceTree = "<group>"; };
		623333C129B386B800644ADB /* Base */ = {isa = PBXFileReference; lastKnownFileType = file.storyboard; name = Base; path = Base.lproj/Main.storyboard; sourceTree = "<group>"; };
		623333C329B386B900644ADB /* Assets.xcassets */ = {isa = PBXFileReference; lastKnownFileType = folder.assetcatalog; path = Assets.xcassets; sourceTree = "<group>"; };
		623333C629B386B900644ADB /* Base */ = {isa = PBXFileReference; lastKnownFileType = file.storyboard; name = Base; path = Base.lproj/LaunchScreen.storyboard; sourceTree = "<group>"; };
		623333C829B386B900644ADB /* Info.plist */ = {isa = PBXFileReference; lastKnownFileType = text.plist.xml; path = Info.plist; sourceTree = "<group>"; };
		62C737FC29BC8D50006B9CC2 /* PracticeViewController.swift */ = {isa = PBXFileReference; lastKnownFileType = sourcecode.swift; path = PracticeViewController.swift; sourceTree = "<group>"; };
		62FABFE62C6AAA65004AF112 /* Ear TrainingTests.xctest */ = {isa = PBXFileReference; explicitFileType = wrapper.cfbundle; includeInIndex = 0; path = "Ear TrainingTests.xctest"; sourceTree = BUILT_PRODUCTS_DIR; };
		62FABFE82C6AAA65004AF112 /* Ear_TrainingTests.swift */ = {isa = PBXFileReference; lastKnownFileType = sourcecode.swift; path = Ear_TrainingTests.swift; sourceTree = "<group>"; };
		62FABFEF2C6AAAF9004AF112 /* GameModel.swift */ = {isa = PBXFileReference; lastKnownFileType = sourcecode.swift; path = GameModel.swift; sourceTree = "<group>"; };
/* End PBXFileReference section */

/* Begin PBXFrameworksBuildPhase section */
		623333B429B386B800644ADB /* Frameworks */ = {
			isa = PBXFrameworksBuildPhase;
			buildActionMask = 2147483647;
			files = (
			);
			runOnlyForDeploymentPostprocessing = 0;
		};
		62FABFE32C6AAA65004AF112 /* Frameworks */ = {
			isa = PBXFrameworksBuildPhase;
			buildActionMask = 2147483647;
			files = (
			);
			runOnlyForDeploymentPostprocessing = 0;
		};
/* End PBXFrameworksBuildPhase section */

/* Begin PBXGroup section */
		620AC6C529B9386A00EA85E4 /* Piano Notes */ = {
			isa = PBXGroup;
			children = (
				620AC6C629B9386A00EA85E4 /* A.mp3 */,
				620AC6C729B9386A00EA85E4 /* B.mp3 */,
				620AC6C829B9386A00EA85E4 /* C.mp3 */,
				620AC6C929B9386A00EA85E4 /* G.mp3 */,
				620AC6CA29B9386A00EA85E4 /* F.mp3 */,
				620AC6CB29B9386A00EA85E4 /* D.mp3 */,
				620AC6CC29B9386A00EA85E4 /* E.mp3 */,
				620F523B29BF995C0064F537 /* Silence.mp3 */,
			);
			name = "Piano Notes";
			path = "Ear Training/Piano Notes";
			sourceTree = SOURCE_ROOT;
		};
		623333AE29B386B800644ADB = {
			isa = PBXGroup;
			children = (
				623333B929B386B800644ADB /* Ear Training */,
				62FABFE72C6AAA65004AF112 /* Ear TrainingTests */,
				623333B829B386B800644ADB /* Products */,
			);
			sourceTree = "<group>";
		};
		623333B829B386B800644ADB /* Products */ = {
			isa = PBXGroup;
			children = (
				623333B729B386B800644ADB /* Ear Training.app */,
				62FABFE62C6AAA65004AF112 /* Ear TrainingTests.xctest */,
			);
			name = Products;
			sourceTree = "<group>";
		};
		623333B929B386B800644ADB /* Ear Training */ = {
			isa = PBXGroup;
			children = (
				623333BA29B386B800644ADB /* AppDelegate.swift */,
				623333BC29B386B800644ADB /* SceneDelegate.swift */,
				620EDD9A29BA8286008DB85E /* HomeViewController.swift */,
				62C737FC29BC8D50006B9CC2 /* PracticeViewController.swift */,
				623333BE29B386B800644ADB /* GameViewController.swift */,
				62FABFEF2C6AAAF9004AF112 /* GameModel.swift */,
				623333C029B386B800644ADB /* Main.storyboard */,
				623333C329B386B900644ADB /* Assets.xcassets */,
				623333C529B386B900644ADB /* LaunchScreen.storyboard */,
				623333C829B386B900644ADB /* Info.plist */,
				620AC6C529B9386A00EA85E4 /* Piano Notes */,
			);
			path = "Ear Training";
			sourceTree = "<group>";
		};
		62FABFE72C6AAA65004AF112 /* Ear TrainingTests */ = {
			isa = PBXGroup;
			children = (
				62FABFE82C6AAA65004AF112 /* Ear_TrainingTests.swift */,
			);
			path = "Ear TrainingTests";
			sourceTree = "<group>";
		};
/* End PBXGroup section */

/* Begin PBXNativeTarget section */
		623333B629B386B800644ADB /* Ear Training */ = {
			isa = PBXNativeTarget;
			buildConfigurationList = 623333CB29B386B900644ADB /* Build configuration list for PBXNativeTarget "Ear Training" */;
			buildPhases = (
				623333B329B386B800644ADB /* Sources */,
				623333B429B386B800644ADB /* Frameworks */,
				623333B529B386B800644ADB /* Resources */,
			);
			buildRules = (
			);
			dependencies = (
			);
			name = "Ear Training";
			productName = "Ear Training";
			productReference = 623333B729B386B800644ADB /* Ear Training.app */;
			productType = "com.apple.product-type.application";
		};
		62FABFE52C6AAA65004AF112 /* Ear TrainingTests */ = {
			isa = PBXNativeTarget;
			buildConfigurationList = 62FABFEC2C6AAA65004AF112 /* Build configuration list for PBXNativeTarget "Ear TrainingTests" */;
			buildPhases = (
				62FABFE22C6AAA65004AF112 /* Sources */,
				62FABFE32C6AAA65004AF112 /* Frameworks */,
				62FABFE42C6AAA65004AF112 /* Resources */,
			);
			buildRules = (
			);
			dependencies = (
				62FABFEB2C6AAA65004AF112 /* PBXTargetDependency */,
			);
			name = "Ear TrainingTests";
			productName = "Ear TrainingTests";
			productReference = 62FABFE62C6AAA65004AF112 /* Ear TrainingTests.xctest */;
			productType = "com.apple.product-type.bundle.unit-test";
		};
/* End PBXNativeTarget section */

/* Begin PBXProject section */
		623333AF29B386B800644ADB /* Project object */ = {
			isa = PBXProject;
			attributes = {
				BuildIndependentTargetsInParallel = 1;
				LastSwiftUpdateCheck = 1540;
				LastUpgradeCheck = 1420;
				TargetAttributes = {
					623333B629B386B800644ADB = {
						CreatedOnToolsVersion = 14.2;
					};
					62FABFE52C6AAA65004AF112 = {
						CreatedOnToolsVersion = 15.4;
						TestTargetID = 623333B629B386B800644ADB;
					};
				};
			};
			buildConfigurationList = 623333B229B386B800644ADB /* Build configuration list for PBXProject "Ear Training" */;
			compatibilityVersion = "Xcode 14.0";
			developmentRegion = en;
			hasScannedForEncodings = 0;
			knownRegions = (
				en,
				Base,
			);
			mainGroup = 623333AE29B386B800644ADB;
			productRefGroup = 623333B829B386B800644ADB /* Products */;
			projectDirPath = "";
			projectRoot = "";
			targets = (
				623333B629B386B800644ADB /* Ear Training */,
				62FABFE52C6AAA65004AF112 /* Ear TrainingTests */,
			);
		};
/* End PBXProject section */

/* Begin PBXResourcesBuildPhase section */
		623333B529B386B800644ADB /* Resources */ = {
			isa = PBXResourcesBuildPhase;
			buildActionMask = 2147483647;
			files = (
				620AC6CD29B9386A00EA85E4 /* A.mp3 in Resources */,
				623333C729B386B900644ADB /* LaunchScreen.storyboard in Resources */,
				623333C429B386B900644ADB /* Assets.xcassets in Resources */,
				620AC6D229B9386A00EA85E4 /* D.mp3 in Resources */,
				620F523C29BF995C0064F537 /* Silence.mp3 in Resources */,
				620AC6CF29B9386A00EA85E4 /* C.mp3 in Resources */,
				620AC6CE29B9386A00EA85E4 /* B.mp3 in Resources */,
				623333C229B386B800644ADB /* Main.storyboard in Resources */,
				620AC6D329B9386A00EA85E4 /* E.mp3 in Resources */,
				620AC6D129B9386A00EA85E4 /* F.mp3 in Resources */,
				620AC6D029B9386A00EA85E4 /* G.mp3 in Resources */,
			);
			runOnlyForDeploymentPostprocessing = 0;
		};
		62FABFE42C6AAA65004AF112 /* Resources */ = {
			isa = PBXResourcesBuildPhase;
			buildActionMask = 2147483647;
			files = (
			);
			runOnlyForDeploymentPostprocessing = 0;
		};
/* End PBXResourcesBuildPhase section */

/* Begin PBXSourcesBuildPhase section */
		623333B329B386B800644ADB /* Sources */ = {
			isa = PBXSourcesBuildPhase;
			buildActionMask = 2147483647;
			files = (
				623333BF29B386B800644ADB /* GameViewController.swift in Sources */,
				623333BB29B386B800644ADB /* AppDelegate.swift in Sources */,
				62C737FD29BC8D50006B9CC2 /* PracticeViewController.swift in Sources */,
				623333BD29B386B800644ADB /* SceneDelegate.swift in Sources */,
				620EDD9B29BA8287008DB85E /* HomeViewController.swift in Sources */,
				62FABFF02C6AAAF9004AF112 /* GameModel.swift in Sources */,
			);
			runOnlyForDeploymentPostprocessing = 0;
		};
		62FABFE22C6AAA65004AF112 /* Sources */ = {
			isa = PBXSourcesBuildPhase;
			buildActionMask = 2147483647;
			files = (
				62FABFE92C6AAA65004AF112 /* Ear_TrainingTests.swift in Sources */,
			);
			runOnlyForDeploymentPostprocessing = 0;
		};
/* End PBXSourcesBuildPhase section */

/* Begin PBXTargetDependency section */
		62FABFEB2C6AAA65004AF112 /* PBXTargetDependency */ = {
			isa = PBXTargetDependency;
			target = 623333B629B386B800644ADB /* Ear Training */;
			targetProxy = 62FABFEA2C6AAA65004AF112 /* PBXContainerItemProxy */;
		};
/* End PBXTargetDependency section */

/* Begin PBXVariantGroup section */
		623333C029B386B800644ADB /* Main.storyboard */ = {
			isa = PBXVariantGroup;
			children = (
				623333C129B386B800644ADB /* Base */,
			);
			name = Main.storyboard;
			sourceTree = "<group>";
		};
		623333C529B386B900644ADB /* LaunchScreen.storyboard */ = {
			isa = PBXVariantGroup;
			children = (
				623333C629B386B900644ADB /* Base */,
			);
			name = LaunchScreen.storyboard;
			sourceTree = "<group>";
		};
/* End PBXVariantGroup section */

/* Begin XCBuildConfiguration section */
		623333C929B386B900644ADB /* Debug */ = {
			isa = XCBuildConfiguration;
			buildSettings = {
				ALWAYS_SEARCH_USER_PATHS = NO;
				CLANG_ANALYZER_NONNULL = YES;
				CLANG_ANALYZER_NUMBER_OBJECT_CONVERSION = YES_AGGRESSIVE;
				CLANG_CXX_LANGUAGE_STANDARD = "gnu++20";
				CLANG_ENABLE_MODULES = YES;
				CLANG_ENABLE_OBJC_ARC = YES;
				CLANG_ENABLE_OBJC_WEAK = YES;
				CLANG_WARN_BLOCK_CAPTURE_AUTORELEASING = YES;
				CLANG_WARN_BOOL_CONVERSION = YES;
				CLANG_WARN_COMMA = YES;
				CLANG_WARN_CONSTANT_CONVERSION = YES;
				CLANG_WARN_DEPRECATED_OBJC_IMPLEMENTATIONS = YES;
				CLANG_WARN_DIRECT_OBJC_ISA_USAGE = YES_ERROR;
				CLANG_WARN_DOCUMENTATION_COMMENTS = YES;
				CLANG_WARN_EMPTY_BODY = YES;
				CLANG_WARN_ENUM_CONVERSION = YES;
				CLANG_WARN_INFINITE_RECURSION = YES;
				CLANG_WARN_INT_CONVERSION = YES;
				CLANG_WARN_NON_LITERAL_NULL_CONVERSION = YES;
				CLANG_WARN_OBJC_IMPLICIT_RETAIN_SELF = YES;
				CLANG_WARN_OBJC_LITERAL_CONVERSION = YES;
				CLANG_WARN_OBJC_ROOT_CLASS = YES_ERROR;
				CLANG_WARN_QUOTED_INCLUDE_IN_FRAMEWORK_HEADER = YES;
				CLANG_WARN_RANGE_LOOP_ANALYSIS = YES;
				CLANG_WARN_STRICT_PROTOTYPES = YES;
				CLANG_WARN_SUSPICIOUS_MOVE = YES;
				CLANG_WARN_UNGUARDED_AVAILABILITY = YES_AGGRESSIVE;
				CLANG_WARN_UNREACHABLE_CODE = YES;
				CLANG_WARN__DUPLICATE_METHOD_MATCH = YES;
				COPY_PHASE_STRIP = NO;
				DEBUG_INFORMATION_FORMAT = dwarf;
				ENABLE_STRICT_OBJC_MSGSEND = YES;
				ENABLE_TESTABILITY = YES;
				GCC_C_LANGUAGE_STANDARD = gnu11;
				GCC_DYNAMIC_NO_PIC = NO;
				GCC_NO_COMMON_BLOCKS = YES;
				GCC_OPTIMIZATION_LEVEL = 0;
				GCC_PREPROCESSOR_DEFINITIONS = (
					"DEBUG=1",
					"$(inherited)",
				);
				GCC_WARN_64_TO_32_BIT_CONVERSION = YES;
				GCC_WARN_ABOUT_RETURN_TYPE = YES_ERROR;
				GCC_WARN_UNDECLARED_SELECTOR = YES;
				GCC_WARN_UNINITIALIZED_AUTOS = YES_AGGRESSIVE;
				GCC_WARN_UNUSED_FUNCTION = YES;
				GCC_WARN_UNUSED_VARIABLE = YES;
				IPHONEOS_DEPLOYMENT_TARGET = 16.2;
				MTL_ENABLE_DEBUG_INFO = INCLUDE_SOURCE;
				MTL_FAST_MATH = YES;
				ONLY_ACTIVE_ARCH = YES;
				SDKROOT = iphoneos;
				SWIFT_ACTIVE_COMPILATION_CONDITIONS = DEBUG;
				SWIFT_OPTIMIZATION_LEVEL = "-Onone";
			};
			name = Debug;
		};
		623333CA29B386B900644ADB /* Release */ = {
			isa = XCBuildConfiguration;
			buildSettings = {
				ALWAYS_SEARCH_USER_PATHS = NO;
				CLANG_ANALYZER_NONNULL = YES;
				CLANG_ANALYZER_NUMBER_OBJECT_CONVERSION = YES_AGGRESSIVE;
				CLANG_CXX_LANGUAGE_STANDARD = "gnu++20";
				CLANG_ENABLE_MODULES = YES;
				CLANG_ENABLE_OBJC_ARC = YES;
				CLANG_ENABLE_OBJC_WEAK = YES;
				CLANG_WARN_BLOCK_CAPTURE_AUTORELEASING = YES;
				CLANG_WARN_BOOL_CONVERSION = YES;
				CLANG_WARN_COMMA = YES;
				CLANG_WARN_CONSTANT_CONVERSION = YES;
				CLANG_WARN_DEPRECATED_OBJC_IMPLEMENTATIONS = YES;
				CLANG_WARN_DIRECT_OBJC_ISA_USAGE = YES_ERROR;
				CLANG_WARN_DOCUMENTATION_COMMENTS = YES;
				CLANG_WARN_EMPTY_BODY = YES;
				CLANG_WARN_ENUM_CONVERSION = YES;
				CLANG_WARN_INFINITE_RECURSION = YES;
				CLANG_WARN_INT_CONVERSION = YES;
				CLANG_WARN_NON_LITERAL_NULL_CONVERSION = YES;
				CLANG_WARN_OBJC_IMPLICIT_RETAIN_SELF = YES;
				CLANG_WARN_OBJC_LITERAL_CONVERSION = YES;
				CLANG_WARN_OBJC_ROOT_CLASS = YES_ERROR;
				CLANG_WARN_QUOTED_INCLUDE_IN_FRAMEWORK_HEADER = YES;
				CLANG_WARN_RANGE_LOOP_ANALYSIS = YES;
				CLANG_WARN_STRICT_PROTOTYPES = YES;
				CLANG_WARN_SUSPICIOUS_MOVE = YES;
				CLANG_WARN_UNGUARDED_AVAILABILITY = YES_AGGRESSIVE;
				CLANG_WARN_UNREACHABLE_CODE = YES;
				CLANG_WARN__DUPLICATE_METHOD_MATCH = YES;
				COPY_PHASE_STRIP = NO;
				DEBUG_INFORMATION_FORMAT = "dwarf-with-dsym";
				ENABLE_NS_ASSERTIONS = NO;
				ENABLE_STRICT_OBJC_MSGSEND = YES;
				GCC_C_LANGUAGE_STANDARD = gnu11;
				GCC_NO_COMMON_BLOCKS = YES;
				GCC_WARN_64_TO_32_BIT_CONVERSION = YES;
				GCC_WARN_ABOUT_RETURN_TYPE = YES_ERROR;
				GCC_WARN_UNDECLARED_SELECTOR = YES;
				GCC_WARN_UNINITIALIZED_AUTOS = YES_AGGRESSIVE;
				GCC_WARN_UNUSED_FUNCTION = YES;
				GCC_WARN_UNUSED_VARIABLE = YES;
				IPHONEOS_DEPLOYMENT_TARGET = 16.2;
				MTL_ENABLE_DEBUG_INFO = NO;
				MTL_FAST_MATH = YES;
				SDKROOT = iphoneos;
				SWIFT_COMPILATION_MODE = wholemodule;
				SWIFT_OPTIMIZATION_LEVEL = "-O";
				VALIDATE_PRODUCT = YES;
			};
			name = Release;
		};
		623333CC29B386B900644ADB /* Debug */ = {
			isa = XCBuildConfiguration;
			buildSettings = {
				ASSETCATALOG_COMPILER_APPICON_NAME = AppIcon;
				ASSETCATALOG_COMPILER_GLOBAL_ACCENT_COLOR_NAME = AccentColor;
				CODE_SIGN_STYLE = Automatic;
				CURRENT_PROJECT_VERSION = 1;
				DEVELOPMENT_TEAM = DTJ5G5B67W;
				GENERATE_INFOPLIST_FILE = YES;
				INFOPLIST_FILE = "Ear Training/Info.plist";
				INFOPLIST_KEY_UIApplicationSupportsIndirectInputEvents = YES;
				INFOPLIST_KEY_UILaunchStoryboardName = LaunchScreen;
				INFOPLIST_KEY_UIMainStoryboardFile = Main;
				INFOPLIST_KEY_UISupportedInterfaceOrientations = UIInterfaceOrientationPortrait;
				INFOPLIST_KEY_UISupportedInterfaceOrientations_iPad = "UIInterfaceOrientationLandscapeLeft UIInterfaceOrientationLandscapeRight UIInterfaceOrientationPortrait UIInterfaceOrientationPortraitUpsideDown";
				LD_RUNPATH_SEARCH_PATHS = (
					"$(inherited)",
					"@executable_path/Frameworks",
				);
				MARKETING_VERSION = 1.0;
				PRODUCT_BUNDLE_IDENTIFIER = "com.AndreaBottino.Ear-Training";
				PRODUCT_NAME = "$(TARGET_NAME)";
				SWIFT_EMIT_LOC_STRINGS = YES;
				SWIFT_VERSION = 5.0;
				TARGETED_DEVICE_FAMILY = "1,2";
			};
			name = Debug;
		};
		623333CD29B386B900644ADB /* Release */ = {
			isa = XCBuildConfiguration;
			buildSettings = {
				ASSETCATALOG_COMPILER_APPICON_NAME = AppIcon;
				ASSETCATALOG_COMPILER_GLOBAL_ACCENT_COLOR_NAME = AccentColor;
				CODE_SIGN_STYLE = Automatic;
				CURRENT_PROJECT_VERSION = 1;
				DEVELOPMENT_TEAM = DTJ5G5B67W;
				GENERATE_INFOPLIST_FILE = YES;
				INFOPLIST_FILE = "Ear Training/Info.plist";
				INFOPLIST_KEY_UIApplicationSupportsIndirectInputEvents = YES;
				INFOPLIST_KEY_UILaunchStoryboardName = LaunchScreen;
				INFOPLIST_KEY_UIMainStoryboardFile = Main;
				INFOPLIST_KEY_UISupportedInterfaceOrientations = UIInterfaceOrientationPortrait;
				INFOPLIST_KEY_UISupportedInterfaceOrientations_iPad = "UIInterfaceOrientationLandscapeLeft UIInterfaceOrientationLandscapeRight UIInterfaceOrientationPortrait UIInterfaceOrientationPortraitUpsideDown";
				LD_RUNPATH_SEARCH_PATHS = (
					"$(inherited)",
					"@executable_path/Frameworks",
				);
				MARKETING_VERSION = 1.0;
				PRODUCT_BUNDLE_IDENTIFIER = "com.AndreaBottino.Ear-Training";
				PRODUCT_NAME = "$(TARGET_NAME)";
				SWIFT_EMIT_LOC_STRINGS = YES;
				SWIFT_VERSION = 5.0;
				TARGETED_DEVICE_FAMILY = "1,2";
			};
			name = Release;
		};
		62FABFED2C6AAA65004AF112 /* Debug */ = {
			isa = XCBuildConfiguration;
			buildSettings = {
				ASSETCATALOG_COMPILER_GENERATE_SWIFT_ASSET_SYMBOL_EXTENSIONS = YES;
				BUNDLE_LOADER = "$(TEST_HOST)";
				CODE_SIGN_STYLE = Automatic;
				CURRENT_PROJECT_VERSION = 1;
				DEVELOPMENT_TEAM = L52JR8SNCR;
				ENABLE_USER_SCRIPT_SANDBOXING = YES;
				GCC_C_LANGUAGE_STANDARD = gnu17;
				GENERATE_INFOPLIST_FILE = YES;
				IPHONEOS_DEPLOYMENT_TARGET = 17.5;
				LOCALIZATION_PREFERS_STRING_CATALOGS = YES;
				MARKETING_VERSION = 1.0;
				PRODUCT_BUNDLE_IDENTIFIER = "com.AndreaBottino.Ear-TrainingTests";
				PRODUCT_NAME = "$(TARGET_NAME)";
				SWIFT_ACTIVE_COMPILATION_CONDITIONS = "DEBUG $(inherited)";
				SWIFT_EMIT_LOC_STRINGS = NO;
				SWIFT_VERSION = 5.0;
				TARGETED_DEVICE_FAMILY = "1,2";
				TEST_HOST = "$(BUILT_PRODUCTS_DIR)/Ear Training.app/$(BUNDLE_EXECUTABLE_FOLDER_PATH)/Ear Training";
			};
			name = Debug;
		};
		62FABFEE2C6AAA65004AF112 /* Release */ = {
			isa = XCBuildConfiguration;
			buildSettings = {
				ASSETCATALOG_COMPILER_GENERATE_SWIFT_ASSET_SYMBOL_EXTENSIONS = YES;
				BUNDLE_LOADER = "$(TEST_HOST)";
				CODE_SIGN_STYLE = Automatic;
				CURRENT_PROJECT_VERSION = 1;
				DEVELOPMENT_TEAM = L52JR8SNCR;
				ENABLE_USER_SCRIPT_SANDBOXING = YES;
				GCC_C_LANGUAGE_STANDARD = gnu17;
				GENERATE_INFOPLIST_FILE = YES;
				IPHONEOS_DEPLOYMENT_TARGET = 17.5;
				LOCALIZATION_PREFERS_STRING_CATALOGS = YES;
				MARKETING_VERSION = 1.0;
				PRODUCT_BUNDLE_IDENTIFIER = "com.AndreaBottino.Ear-TrainingTests";
				PRODUCT_NAME = "$(TARGET_NAME)";
				SWIFT_EMIT_LOC_STRINGS = NO;
				SWIFT_VERSION = 5.0;
				TARGETED_DEVICE_FAMILY = "1,2";
				TEST_HOST = "$(BUILT_PRODUCTS_DIR)/Ear Training.app/$(BUNDLE_EXECUTABLE_FOLDER_PATH)/Ear Training";
			};
			name = Release;
		};
/* End XCBuildConfiguration section */

/* Begin XCConfigurationList section */
		623333B229B386B800644ADB /* Build configuration list for PBXProject "Ear Training" */ = {
			isa = XCConfigurationList;
			buildConfigurations = (
				623333C929B386B900644ADB /* Debug */,
				623333CA29B386B900644ADB /* Release */,
			);
			defaultConfigurationIsVisible = 0;
			defaultConfigurationName = Release;
		};
		623333CB29B386B900644ADB /* Build configuration list for PBXNativeTarget "Ear Training" */ = {
			isa = XCConfigurationList;
			buildConfigurations = (
				623333CC29B386B900644ADB /* Debug */,
				623333CD29B386B900644ADB /* Release */,
			);
			defaultConfigurationIsVisible = 0;
			defaultConfigurationName = Release;
		};
		62FABFEC2C6AAA65004AF112 /* Build configuration list for PBXNativeTarget "Ear TrainingTests" */ = {
			isa = XCConfigurationList;
			buildConfigurations = (
				62FABFED2C6AAA65004AF112 /* Debug */,
				62FABFEE2C6AAA65004AF112 /* Release */,
			);
			defaultConfigurationIsVisible = 0;
			defaultConfigurationName = Release;
		};
/* End XCConfigurationList section */
	};
	rootObject = 623333AF29B386B800644ADB /* Project object */;
}
